
Microsoft Visual Studio Solution File, Format Version 12.00
# Visual Studio Version 16
VisualStudioVersion = 16.0.32510.428
MinimumVisualStudioVersion = 10.0.40219.1
Project("{9A19103F-16F7-4668-BE54-9A1E7A4F7556}") = "example_01", "example_01.csproj", "{A5A73D89-FAF2-42B1-9989-78361DC8BA60}"
	ProjectSection(ProjectDependencies) = postProject
		{49D69E8A-B726-4B3C-88F9-201EC00B6003} = {49D69E8A-B726-4B3C-88F9-201EC00B6003}
	EndProjectSection
EndProject
Project("{9A19103F-16F7-4668-BE54-9A1E7A4F7556}") = "GlobalProvider", "..\..\source\GlobalProvider\GlobalProvider.csproj", "{49D69E8A-B726-4B3C-88F9-201EC00B6003}"
EndProject
Global
	GlobalSection(SolutionConfigurationPlatforms) = preSolution
		Debug|Any CPU = Debug|Any CPU
		Release|Any CPU = Release|Any CPU
	EndGlobalSection
	GlobalSection(ProjectConfigurationPlatforms) = postSolution
		{A5A73D89-FAF2-42B1-9989-78361DC8BA60}.Debug|Any CPU.ActiveCfg = Debug|Any CPU
		{A5A73D89-FAF2-42B1-9989-78361DC8BA60}.Debug|Any CPU.Build.0 = Debug|Any CPU
		{A5A73D89-FAF2-42B1-9989-78361DC8BA60}.Release|Any CPU.ActiveCfg = Release|Any CPU
		{A5A73D89-FAF2-42B1-9989-78361DC8BA60}.Release|Any CPU.Build.0 = Release|Any CPU
		{49D69E8A-B726-4B3C-88F9-201EC00B6003}.Debug|Any CPU.ActiveCfg = Debug|Any CPU
		{49D69E8A-B726-4B3C-88F9-201EC00B6003}.Debug|Any CPU.Build.0 = Debug|Any CPU
		{49D69E8A-B726-4B3C-88F9-201EC00B6003}.Release|Any CPU.ActiveCfg = Release|Any CPU
		{49D69E8A-B726-4B3C-88F9-201EC00B6003}.Release|Any CPU.Build.0 = Release|Any CPU
	EndGlobalSection
	GlobalSection(SolutionProperties) = preSolution
		HideSolutionNode = FALSE
	EndGlobalSection
	GlobalSection(ExtensibilityGlobals) = postSolution
		SolutionGuid = {D2F9585F-B7C6-48D0-9DF6-77F6B5680EDE}
	EndGlobalSection
EndGlobal
